
Microsoft Visual Studio Solution File, Format Version 12.00
# Visual Studio 15
VisualStudioVersion = 15.0.28307.572
MinimumVisualStudioVersion = 10.0.40219.1
Project("{FAE04EC0-301F-11D3-BF4B-00C04F79EFBC}") = "TelegramS", "TelegramS\TelegramS.csproj", "{B4537454-EF02-4A84-881A-31B8DC25BD3B}"
EndProject
Global
	GlobalSection(SolutionConfigurationPlatforms) = preSolution
		Debug|Any CPU = Debug|Any CPU
		Release|Any CPU = Release|Any CPU
	EndGlobalSection
	GlobalSection(ProjectConfigurationPlatforms) = postSolution
		{B4537454-EF02-4A84-881A-31B8DC25BD3B}.Debug|Any CPU.ActiveCfg = Debug|Any CPU
		{B4537454-EF02-4A84-881A-31B8DC25BD3B}.Debug|Any CPU.Build.0 = Debug|Any CPU
		{B4537454-EF02-4A84-881A-31B8DC25BD3B}.Release|Any CPU.ActiveCfg = Release|Any CPU
		{B4537454-EF02-4A84-881A-31B8DC25BD3B}.Release|Any CPU.Build.0 = Release|Any CPU
	EndGlobalSection
	GlobalSection(SolutionProperties) = preSolution
		HideSolutionNode = FALSE
	EndGlobalSection
	GlobalSection(ExtensibilityGlobals) = postSolution
		SolutionGuid = {3A0B3061-0982-4AE9-BE4F-711B736DF6E5}
	EndGlobalSection
EndGlobal
